lockfileVersion: '9.0'

settings:
  autoInstallPeers: true
  excludeLinksFromLockfile: false

importers:

  .:
    dependencies:
      '@budarin/http-constants':
        specifier: ^1.0.22
        version: 1.0.22
    devDependencies:
      '@budarin/pluggable-serviceworker':
        specifier: ^1.10.4
        version: 1.10.4
      '@types/serviceworker':
        specifier: ^0.0.191
        version: 0.0.191
      '@types/web':
        specifier: ^0.0.336
        version: 0.0.336
      typescript:
        specifier: ^5.9.3
        version: 5.9.3

packages:

  '@budarin/http-constants@1.0.22':
    resolution: {integrity: sha512-XZu3JmErHaTTwDPnsGikjwzZ/NHS3DWQNcxmRemhY1jJTr9Va5Arnk4mbE6lVAg1bir1AYyO1zygzQTjiSEtZw==}

  '@budarin/pluggable-serviceworker@1.10.4':
    resolution: {integrity: sha512-XHKXgyiGpaQ0GsIetpPg8oyW9STbBBXp1syAFE2khUYkabYB91fS0G9a2GMOJQ7cwyoLvKWNWgppCpckaz9iKQ==}

  '@types/serviceworker@0.0.191':
    resolution: {integrity: sha512-DFQspa5cuobxgUuoeGGYBW45oOvPvgYp68Yk24mLdMGGGcgoH0nj5TawBZdRpIqPV8kkZodcQrqradnwGhRVNQ==}

  '@types/web@0.0.336':
    resolution: {integrity: sha512-BF63oBTS3D5d1XEKR2fou32PlxSqiaYZxTCchI/eeS/q6f51mKQdcVvFJcLUPsiO8G6KyEPlSYVvhQfa1KVeSw==}

  typescript@5.9.3:
    resolution: {integrity: sha512-jl1vZzPDinLr9eUt3J/t7V6FgNEw9QjvBPdysz9KfQDD41fQrC2Y4vKQdiaUpFT4bXlb1RHhLpp8wtm6M5TgSw==}
    engines: {node: '>=14.17'}
    hasBin: true

snapshots:

  '@budarin/http-constants@1.0.22': {}

  '@budarin/pluggable-serviceworker@1.10.4':
    dependencies:
      '@budarin/http-constants': 1.0.22

  '@types/serviceworker@0.0.191': {}

  '@types/web@0.0.336': {}

  typescript@5.9.3: {}
