lockfileVersion: '9.0'

settings:
  autoInstallPeers: true
  excludeLinksFromLockfile: false

importers:

  .:
    dependencies:
      '@budarin/http-constants':
        specifier: ^1.0.22
        version: 1.0.22
    devDependencies:
      '@budarin/pluggable-serviceworker':
        specifier: ^1.10.2
        version: 1.10.2
      '@types/serviceworker':
        specifier: ^0.0.190
        version: 0.0.190
      '@types/web':
        specifier: ^0.0.335
        version: 0.0.335
      typescript:
        specifier: ^5.9.3
        version: 5.9.3

packages:

  '@budarin/http-constants@1.0.22':
    resolution: {integrity: sha512-XZu3JmErHaTTwDPnsGikjwzZ/NHS3DWQNcxmRemhY1jJTr9Va5Arnk4mbE6lVAg1bir1AYyO1zygzQTjiSEtZw==}

  '@budarin/pluggable-serviceworker@1.10.2':
    resolution: {integrity: sha512-XnXoLe7wLwEzNOEHS7j9JosY/gPGaLxmYCdqOdYORrdfX2NM+ehGJaxKYXkI2e2ICmxkd0YZde3NWXk6SLM/rA==}

  '@types/serviceworker@0.0.190':
    resolution: {integrity: sha512-bzItk9mz6qntVZ2AI/foSu6OADylZEYqcWZxxYhm7vLD3e0bG4iPJHzltAOL+V8OBb7QbZkEofIC6t1LFEqMsA==}

  '@types/web@0.0.335':
    resolution: {integrity: sha512-MdqOg7t1MaQdaQoGuffSdxOx8icrisFBAuI8/DrdCco4TmRVgcwPJdS9zzbQ6rYocRQNW9yekQtnurTDWksOBg==}

  typescript@5.9.3:
    resolution: {integrity: sha512-jl1vZzPDinLr9eUt3J/t7V6FgNEw9QjvBPdysz9KfQDD41fQrC2Y4vKQdiaUpFT4bXlb1RHhLpp8wtm6M5TgSw==}
    engines: {node: '>=14.17'}
    hasBin: true

snapshots:

  '@budarin/http-constants@1.0.22': {}

  '@budarin/pluggable-serviceworker@1.10.2':
    dependencies:
      '@budarin/http-constants': 1.0.22

  '@types/serviceworker@0.0.190': {}

  '@types/web@0.0.335': {}

  typescript@5.9.3: {}
